
Microsoft Visual Studio Solution File, Format Version 12.00
# Visual Studio Version 17
VisualStudioVersion = 17.0.31903.59
MinimumVisualStudioVersion = 10.0.40219.1
Project("{FAE04EC0-301F-11D3-BF4B-00C04F79EFBC}") = "ApiWithDiagnostics", "ApiWithDiagnostics\ApiWithDiagnostics.csproj", "{211AA769-F8EA-49ED-90E0-B3DBAB35B686}"
EndProject
Project("{FAE04EC0-301F-11D3-BF4B-00C04F79EFBC}") = "ApiWithDiagnosticsTests", "ApiWithDiagnosticsTests\ApiWithDiagnosticsTests.csproj", "{F9D598DE-E975-4585-B86B-8E40CCE8B5ED}"
EndProject
Global
	GlobalSection(SolutionConfigurationPlatforms) = preSolution
		Debug|Any CPU = Debug|Any CPU
		Release|Any CPU = Release|Any CPU
	EndGlobalSection
	GlobalSection(SolutionProperties) = preSolution
		HideSolutionNode = FALSE
	EndGlobalSection
	GlobalSection(ProjectConfigurationPlatforms) = postSolution
		{211AA769-F8EA-49ED-90E0-B3DBAB35B686}.Debug|Any CPU.ActiveCfg = Debug|Any CPU
		{211AA769-F8EA-49ED-90E0-B3DBAB35B686}.Debug|Any CPU.Build.0 = Debug|Any CPU
		{211AA769-F8EA-49ED-90E0-B3DBAB35B686}.Release|Any CPU.ActiveCfg = Release|Any CPU
		{211AA769-F8EA-49ED-90E0-B3DBAB35B686}.Release|Any CPU.Build.0 = Release|Any CPU
		{F9D598DE-E975-4585-B86B-8E40CCE8B5ED}.Debug|Any CPU.ActiveCfg = Debug|Any CPU
		{F9D598DE-E975-4585-B86B-8E40CCE8B5ED}.Debug|Any CPU.Build.0 = Debug|Any CPU
		{F9D598DE-E975-4585-B86B-8E40CCE8B5ED}.Release|Any CPU.ActiveCfg = Release|Any CPU
		{F9D598DE-E975-4585-B86B-8E40CCE8B5ED}.Release|Any CPU.Build.0 = Release|Any CPU
	EndGlobalSection
EndGlobal
